
Microsoft Visual Studio Solution File, Format Version 12.00
# Visual Studio 15
VisualStudioVersion = 15.0.27428.2043
MinimumVisualStudioVersion = 10.0.40219.1
Project("{FAE04EC0-301F-11D3-BF4B-00C04F79EFBC}") = "TracingConsole", "TracingConsole\TracingConsole.csproj", "{BDBE6685-450B-43D6-935B-D0474EB8375C}"
EndProject
Global
	GlobalSection(SolutionConfigurationPlatforms) = preSolution
		Debug|Any CPU = Debug|Any CPU
		Release|Any CPU = Release|Any CPU
	EndGlobalSection
	GlobalSection(ProjectConfigurationPlatforms) = postSolution
		{BDBE6685-450B-43D6-935B-D0474EB8375C}.Debug|Any CPU.ActiveCfg = Debug|Any CPU
		{BDBE6685-450B-43D6-935B-D0474EB8375C}.Debug|Any CPU.Build.0 = Debug|Any CPU
		{BDBE6685-450B-43D6-935B-D0474EB8375C}.Release|Any CPU.ActiveCfg = Release|Any CPU
		{BDBE6685-450B-43D6-935B-D0474EB8375C}.Release|Any CPU.Build.0 = Release|Any CPU
	EndGlobalSection
	GlobalSection(SolutionProperties) = preSolution
		HideSolutionNode = FALSE
	EndGlobalSection
	GlobalSection(ExtensibilityGlobals) = postSolution
		SolutionGuid = {90B1746B-7445-4073-B679-7D7BEE8EE6ED}
	EndGlobalSection
EndGlobal
