
Microsoft Visual Studio Solution File, Format Version 12.00
# Visual Studio 15
VisualStudioVersion = 15.0.27428.2037
MinimumVisualStudioVersion = 10.0.40219.1
Project("{FAE04EC0-301F-11D3-BF4B-00C04F79EFBC}") = "TrainingAPI", "TrainingAPI\TrainingAPI.csproj", "{04E711F5-91AB-4E6B-8C7E-31F1377164B4}"
EndProject
Project("{FAE04EC0-301F-11D3-BF4B-00C04F79EFBC}") = "DBProject", "DBProject\DBProject.csproj", "{25ECEEBE-1AA5-4A2D-B997-71A0E80DEC77}"
EndProject
Global
	GlobalSection(SolutionConfigurationPlatforms) = preSolution
		Debug|Any CPU = Debug|Any CPU
		Release|Any CPU = Release|Any CPU
	EndGlobalSection
	GlobalSection(ProjectConfigurationPlatforms) = postSolution
		{04E711F5-91AB-4E6B-8C7E-31F1377164B4}.Debug|Any CPU.ActiveCfg = Debug|Any CPU
		{04E711F5-91AB-4E6B-8C7E-31F1377164B4}.Debug|Any CPU.Build.0 = Debug|Any CPU
		{04E711F5-91AB-4E6B-8C7E-31F1377164B4}.Release|Any CPU.ActiveCfg = Release|Any CPU
		{04E711F5-91AB-4E6B-8C7E-31F1377164B4}.Release|Any CPU.Build.0 = Release|Any CPU
		{25ECEEBE-1AA5-4A2D-B997-71A0E80DEC77}.Debug|Any CPU.ActiveCfg = Debug|Any CPU
		{25ECEEBE-1AA5-4A2D-B997-71A0E80DEC77}.Debug|Any CPU.Build.0 = Debug|Any CPU
		{25ECEEBE-1AA5-4A2D-B997-71A0E80DEC77}.Release|Any CPU.ActiveCfg = Release|Any CPU
		{25ECEEBE-1AA5-4A2D-B997-71A0E80DEC77}.Release|Any CPU.Build.0 = Release|Any CPU
	EndGlobalSection
	GlobalSection(SolutionProperties) = preSolution
		HideSolutionNode = FALSE
	EndGlobalSection
	GlobalSection(ExtensibilityGlobals) = postSolution
		SolutionGuid = {B72334D8-AFF5-4A7E-A7EF-172C0DDAAA19}
	EndGlobalSection
EndGlobal
