
Microsoft Visual Studio Solution File, Format Version 12.00
# Visual Studio 15
VisualStudioVersion = 15.0.27428.2043
MinimumVisualStudioVersion = 10.0.40219.1
Project("{FAE04EC0-301F-11D3-BF4B-00C04F79EFBC}") = "Training.Data", "Training.Data\Training.Data.csproj", "{BCEB736F-07DC-4747-B661-44B20A5B2026}"
EndProject
Project("{FAE04EC0-301F-11D3-BF4B-00C04F79EFBC}") = "Training.Api", "Training.API\Training.Api.csproj", "{6F25827C-86F1-48DF-9669-694DB0221513}"
EndProject
Project("{FAE04EC0-301F-11D3-BF4B-00C04F79EFBC}") = "Training.Mvc", "Training.MVC\Training.Mvc.csproj", "{C07E135E-7602-491C-9102-B525F9828B4A}"
EndProject
Project("{FAE04EC0-301F-11D3-BF4B-00C04F79EFBC}") = "Training.Console", "Training.Console\Training.Console.csproj", "{C95E7716-3D82-4E40-9874-92E5A4D63FAD}"
EndProject
Global
	GlobalSection(SolutionConfigurationPlatforms) = preSolution
		Debug|Any CPU = Debug|Any CPU
		Release|Any CPU = Release|Any CPU
	EndGlobalSection
	GlobalSection(ProjectConfigurationPlatforms) = postSolution
		{BCEB736F-07DC-4747-B661-44B20A5B2026}.Debug|Any CPU.ActiveCfg = Debug|Any CPU
		{BCEB736F-07DC-4747-B661-44B20A5B2026}.Debug|Any CPU.Build.0 = Debug|Any CPU
		{BCEB736F-07DC-4747-B661-44B20A5B2026}.Release|Any CPU.ActiveCfg = Release|Any CPU
		{BCEB736F-07DC-4747-B661-44B20A5B2026}.Release|Any CPU.Build.0 = Release|Any CPU
		{6F25827C-86F1-48DF-9669-694DB0221513}.Debug|Any CPU.ActiveCfg = Debug|Any CPU
		{6F25827C-86F1-48DF-9669-694DB0221513}.Debug|Any CPU.Build.0 = Debug|Any CPU
		{6F25827C-86F1-48DF-9669-694DB0221513}.Release|Any CPU.ActiveCfg = Release|Any CPU
		{6F25827C-86F1-48DF-9669-694DB0221513}.Release|Any CPU.Build.0 = Release|Any CPU
		{C07E135E-7602-491C-9102-B525F9828B4A}.Debug|Any CPU.ActiveCfg = Debug|Any CPU
		{C07E135E-7602-491C-9102-B525F9828B4A}.Debug|Any CPU.Build.0 = Debug|Any CPU
		{C07E135E-7602-491C-9102-B525F9828B4A}.Release|Any CPU.ActiveCfg = Release|Any CPU
		{C07E135E-7602-491C-9102-B525F9828B4A}.Release|Any CPU.Build.0 = Release|Any CPU
		{C95E7716-3D82-4E40-9874-92E5A4D63FAD}.Debug|Any CPU.ActiveCfg = Debug|Any CPU
		{C95E7716-3D82-4E40-9874-92E5A4D63FAD}.Debug|Any CPU.Build.0 = Debug|Any CPU
		{C95E7716-3D82-4E40-9874-92E5A4D63FAD}.Release|Any CPU.ActiveCfg = Release|Any CPU
		{C95E7716-3D82-4E40-9874-92E5A4D63FAD}.Release|Any CPU.Build.0 = Release|Any CPU
	EndGlobalSection
	GlobalSection(SolutionProperties) = preSolution
		HideSolutionNode = FALSE
	EndGlobalSection
	GlobalSection(ExtensibilityGlobals) = postSolution
		SolutionGuid = {F9A84145-0C90-47FD-BDF2-F8CB2CA54B78}
	EndGlobalSection
EndGlobal
